github.com/1001bit/overenv v0.0.0-20240805182428-badcee0578e9 h1:yvuGJtgIoFX4KVkOY+xn1O/jB0b7yiKgApZ3XcHFf6U=
github.com/1001bit/overenv v0.0.0-20240805182428-badcee0578e9/go.mod h1:r/rRrhdhzidBGr9q5lyYK+X+2iCuvYos+xOwIA1m1Mw=
github.com/go-chi/chi/v5 v5.1.0 h1:acVI1TYaD+hhedDJ3r54HyA6sExp3HfXq7QWEEY/xMw=
github.com/go-chi/chi/v5 v5.1.0/go.mod h1:DslCQbL2OYiznFReuXYUmQ2hGd1aDpCnlMNITLSKoi8=
